Microsoft Visual Studio Solution File, Format Version 12.00
# Visual Studio Version 17
VisualStudioVersion = 17.5.2.0
MinimumVisualStudioVersion = 10.0.40219.1
Project("{FAE04EC0-301F-11D3-BF4B-00C04F79EFBC}") = "ModelGeneratorSampleProject", "ModelGeneratorSampleProject.csproj", "{78356AFF-3865-7816-C02D-50EBEE8E703E}"
EndProject
Global
	GlobalSection(SolutionConfigurationPlatforms) = preSolution
		Debug|Any CPU = Debug|Any CPU
		Release|Any CPU = Release|Any CPU
	EndGlobalSection
	GlobalSection(ProjectConfigurationPlatforms) = postSolution
		{78356AFF-3865-7816-C02D-50EBEE8E703E}.Debug|Any CPU.ActiveCfg = Debug|Any CPU
		{78356AFF-3865-7816-C02D-50EBEE8E703E}.Debug|Any CPU.Build.0 = Debug|Any CPU
		{78356AFF-3865-7816-C02D-50EBEE8E703E}.Release|Any CPU.ActiveCfg = Release|Any CPU
		{78356AFF-3865-7816-C02D-50EBEE8E703E}.Release|Any CPU.Build.0 = Release|Any CPU
	EndGlobalSection
	GlobalSection(SolutionProperties) = preSolution
		HideSolutionNode = FALSE
	EndGlobalSection
	GlobalSection(ExtensibilityGlobals) = postSolution
		SolutionGuid = {FF4ADEBA-EF70-4F8C-96F5-952D725673BC}
	EndGlobalSection
EndGlobal
